
Microsoft Visual Studio Solution File, Format Version 12.00
# Visual Studio Version 16
VisualStudioVersion = 16.0.29613.14
MinimumVisualStudioVersion = 10.0.40219.1
Project("{9A19103F-16F7-4668-BE54-9A1E7A4F7556}") = "tournoment", "tournoment\tournoment.csproj", "{49178216-419D-4B66-9402-5E8265C19248}"
EndProject
Project("{2150E333-8FDC-42A3-9474-1A3956D46DE8}") = "1.Ui", "1.Ui", "{2D883366-D9C6-434F-AD5A-4C04AC8A8018}"
EndProject
Project("{2150E333-8FDC-42A3-9474-1A3956D46DE8}") = "2.Service", "2.Service", "{CB19A521-6F02-47F3-8B5F-F588D3645173}"
EndProject
Global
	GlobalSection(SolutionConfigurationPlatforms) = preSolution
		Debug|Any CPU = Debug|Any CPU
		Release|Any CPU = Release|Any CPU
	EndGlobalSection
	GlobalSection(ProjectConfigurationPlatforms) = postSolution
		{49178216-419D-4B66-9402-5E8265C19248}.Debug|Any CPU.ActiveCfg = Debug|Any CPU
		{49178216-419D-4B66-9402-5E8265C19248}.Debug|Any CPU.Build.0 = Debug|Any CPU
		{49178216-419D-4B66-9402-5E8265C19248}.Release|Any CPU.ActiveCfg = Release|Any CPU
		{49178216-419D-4B66-9402-5E8265C19248}.Release|Any CPU.Build.0 = Release|Any CPU
	EndGlobalSection
	GlobalSection(SolutionProperties) = preSolution
		HideSolutionNode = FALSE
	EndGlobalSection
	GlobalSection(NestedProjects) = preSolution
		{49178216-419D-4B66-9402-5E8265C19248} = {2D883366-D9C6-434F-AD5A-4C04AC8A8018}
	EndGlobalSection
	GlobalSection(ExtensibilityGlobals) = postSolution
		SolutionGuid = {04954B76-041A-414D-86D0-C63C2697112D}
	EndGlobalSection
EndGlobal
